
Microsoft Visual Studio Solution File, Format Version 12.00
# Visual Studio Version 16
VisualStudioVersion = 16.0.29230.47
MinimumVisualStudioVersion = 10.0.40219.1
Project("{9A19103F-16F7-4668-BE54-9A1E7A4F7556}") = "Chinwobble.Roslyn.PropertyChanged", "Chinwobble.Roslyn.PropertyChanged\Chinwobble.Roslyn.PropertyChanged.csproj", "{80A5530C-14D7-4314-9F83-933861A91694}"
EndProject
Project("{9A19103F-16F7-4668-BE54-9A1E7A4F7556}") = "Chinwobble.Roslyn.Sandbox", "sandbox\Chinwobble.Roslyn.Sandbox\Chinwobble.Roslyn.Sandbox.csproj", "{3E3AE653-8E19-4E99-AE33-B208947F76FA}"
EndProject
Project("{F2A71F9B-5D33-465A-A702-920D77279786}") = "Chinwobble.Roslyn.SQL", "Chinwobble.Roslyn.SQL\Chinwobble.Roslyn.SQL.fsproj", "{2BEB9A45-F3F3-4178-AD1D-F2DA992EF94B}"
EndProject
Global
	GlobalSection(SolutionConfigurationPlatforms) = preSolution
		Debug|Any CPU = Debug|Any CPU
		Release|Any CPU = Release|Any CPU
	EndGlobalSection
	GlobalSection(ProjectConfigurationPlatforms) = postSolution
		{80A5530C-14D7-4314-9F83-933861A91694}.Debug|Any CPU.ActiveCfg = Debug|Any CPU
		{80A5530C-14D7-4314-9F83-933861A91694}.Debug|Any CPU.Build.0 = Debug|Any CPU
		{80A5530C-14D7-4314-9F83-933861A91694}.Release|Any CPU.ActiveCfg = Release|Any CPU
		{80A5530C-14D7-4314-9F83-933861A91694}.Release|Any CPU.Build.0 = Release|Any CPU
		{3E3AE653-8E19-4E99-AE33-B208947F76FA}.Debug|Any CPU.ActiveCfg = Debug|Any CPU
		{3E3AE653-8E19-4E99-AE33-B208947F76FA}.Debug|Any CPU.Build.0 = Debug|Any CPU
		{3E3AE653-8E19-4E99-AE33-B208947F76FA}.Release|Any CPU.ActiveCfg = Release|Any CPU
		{3E3AE653-8E19-4E99-AE33-B208947F76FA}.Release|Any CPU.Build.0 = Release|Any CPU
		{2BEB9A45-F3F3-4178-AD1D-F2DA992EF94B}.Debug|Any CPU.ActiveCfg = Debug|Any CPU
		{2BEB9A45-F3F3-4178-AD1D-F2DA992EF94B}.Debug|Any CPU.Build.0 = Debug|Any CPU
		{2BEB9A45-F3F3-4178-AD1D-F2DA992EF94B}.Release|Any CPU.ActiveCfg = Release|Any CPU
		{2BEB9A45-F3F3-4178-AD1D-F2DA992EF94B}.Release|Any CPU.Build.0 = Release|Any CPU
	EndGlobalSection
	GlobalSection(SolutionProperties) = preSolution
		HideSolutionNode = FALSE
	EndGlobalSection
	GlobalSection(ExtensibilityGlobals) = postSolution
		SolutionGuid = {865361D5-6915-4D9C-8CD7-19266ED11E3A}
	EndGlobalSection
EndGlobal
